{
  "name": "homebridge-vizio",
  "version": "2.0.0",
  "lockfileVersion": 3,
  "requires": true,
  "packages": {
    "": {
      "name": "homebridge-vizio",
      "version": "2.0.0",
      "license": "MIT",
      "dependencies": {
        "@homebridge/plugin-ui-utils": "^2.2.3"
      },
      "engines": {
        "homebridge": "^1.11.2 || ^2.0.0",
        "node": "^22 || ^24"
      }
    },
    "node_modules/@homebridge/plugin-ui-utils": {
      "version": "2.2.3",
      "resolved": "https://registry.npmjs.org/@homebridge/plugin-ui-utils/-/plugin-ui-utils-2.2.3.tgz",
      "integrity": "sha512-kKieIJM1Wyv4TzzE/amUKwR4UnlDH6Th52axG2e5ncH4iA5w+HNfPDAqX1nitdhyHtHqNlTK6DdeE71QzO5LNQ==",
      "license": "MIT"
    }
  }
}
